// !$*UTF8*$!
{
	archiveVersion = 1;
	classes = {
	};
	objectVersion = 46;
	objects = {

/* Begin PBXBuildFile section */
		CB7AC21B149E96F400540DA5 /* splash.png in Resources */ = {isa = PBXBuildFile; fileRef = CB7AC21A149E96F400540DA5 /* splash.png */; };
		CB7E1790149D4A620098D568 /* OddsLookup.m in Sources */ = {isa = PBXBuildFile; fileRef = CB7E178F149D4A620098D568 /* OddsLookup.m */; };
		CB7E17C3149D5AE10098D568 /* 2.plist in Resources */ = {isa = PBXBuildFile; fileRef = CB7E17BA149D5AE10098D568 /* 2.plist */; };
		CB7E17C4149D5AE10098D568 /* 3.plist in Resources */ = {isa = PBXBuildFile; fileRef = CB7E17BB149D5AE10098D568 /* 3.plist */; };
		CB7E17C5149D5AE10098D568 /* 4.plist in Resources */ = {isa = PBXBuildFile; fileRef = CB7E17BC149D5AE10098D568 /* 4.plist */; };
		CB7E17C6149D5AE10098D568 /* 5.plist in Resources */ = {isa = PBXBuildFile; fileRef = CB7E17BD149D5AE10098D568 /* 5.plist */; };
		CB7E17C7149D5AE10098D568 /* 6.plist in Resources */ = {isa = PBXBuildFile; fileRef = CB7E17BE149D5AE10098D568 /* 6.plist */; };
		CB7E17C8149D5AE10098D568 /* 7.plist in Resources */ = {isa = PBXBuildFile; fileRef = CB7E17BF149D5AE10098D568 /* 7.plist */; };
		CB7E17C9149D5AE10098D568 /* 8.plist in Resources */ = {isa = PBXBuildFile; fileRef = CB7E17C0149D5AE10098D568 /* 8.plist */; };
		CB7E17CA149D5AE10098D568 /* 9.plist in Resources */ = {isa = PBXBuildFile; fileRef = CB7E17C1149D5AE10098D568 /* 9.plist */; };
		CB7E17CB149D5AE10098D568 /* 10.plist in Resources */ = {isa = PBXBuildFile; fileRef = CB7E17C2149D5AE10098D568 /* 10.plist */; };
		CB7E17CE149E2AB50098D568 /* TextFieldDelegate.m in Sources */ = {isa = PBXBuildFile; fileRef = CB7E17CD149E2AB50098D568 /* TextFieldDelegate.m */; };
		CB7E17D2149E2D9A0098D568 /* SelectorCommand.m in Sources */ = {isa = PBXBuildFile; fileRef = CB7E17D1149E2D9A0098D568 /* SelectorCommand.m */; };
		CB82C10A149D33D800A611DD /* Cocoa.framework in Frameworks */ = {isa = PBXBuildFile; fileRef = CB82C109149D33D800A611DD /* Cocoa.framework */; };
		CB82C114149D33D800A611DD /* InfoPlist.strings in Resources */ = {isa = PBXBuildFile; fileRef = CB82C112149D33D800A611DD /* InfoPlist.strings */; };
		CB82C116149D33D800A611DD /* main.m in Sources */ = {isa = PBXBuildFile; fileRef = CB82C115149D33D800A611DD /* main.m */; };
		CB82C11A149D33D800A611DD /* Credits.rtf in Resources */ = {isa = PBXBuildFile; fileRef = CB82C118149D33D800A611DD /* Credits.rtf */; };
		CB82C11D149D33D800A611DD /* AppDelegate.m in Sources */ = {isa = PBXBuildFile; fileRef = CB82C11C149D33D800A611DD /* AppDelegate.m */; };
		CB82C120149D33D800A611DD /* MainMenu.xib in Resources */ = {isa = PBXBuildFile; fileRef = CB82C11E149D33D800A611DD /* MainMenu.xib */; };
		CB82C129149D365A00A611DD /* ViewController.m in Sources */ = {isa = PBXBuildFile; fileRef = CB82C127149D365A00A611DD /* ViewController.m */; };
		CB82C12A149D365A00A611DD /* ViewController.xib in Resources */ = {isa = PBXBuildFile; fileRef = CB82C128149D365A00A611DD /* ViewController.xib */; };
		CBEEC22014A06D6B009DF72D /* icon.icns in Resources */ = {isa = PBXBuildFile; fileRef = CBEEC21F14A06D6B009DF72D /* icon.icns */; };
/* End PBXBuildFile section */

/* Begin PBXFileReference section */
		CB7AC21A149E96F400540DA5 /* splash.png */ = {isa = PBXFileReference; lastKnownFileType = image.png; path = splash.png; sourceTree = "<group>"; };
		CB7E178E149D4A620098D568 /* OddsLookup.h */ = {isa = PBXFileReference; fileEncoding = 4; lastKnownFileType = sourcecode.c.h; path = OddsLookup.h; sourceTree = "<group>"; };
		CB7E178F149D4A620098D568 /* OddsLookup.m */ = {isa = PBXFileReference; fileEncoding = 4; lastKnownFileType = sourcecode.c.objc; path = OddsLookup.m; sourceTree = "<group>"; };
		CB7E17BA149D5AE10098D568 /* 2.plist */ = {isa = PBXFileReference; fileEncoding = 4; lastKnownFileType = text.plist.xml; name = 2.plist; path = data/2.plist; sourceTree = SOURCE_ROOT; };
		CB7E17BB149D5AE10098D568 /* 3.plist */ = {isa = PBXFileReference; fileEncoding = 4; lastKnownFileType = text.plist.xml; name = 3.plist; path = data/3.plist; sourceTree = SOURCE_ROOT; };
		CB7E17BC149D5AE10098D568 /* 4.plist */ = {isa = PBXFileReference; fileEncoding = 4; lastKnownFileType = text.plist.xml; name = 4.plist; path = data/4.plist; sourceTree = SOURCE_ROOT; };
		CB7E17BD149D5AE10098D568 /* 5.plist */ = {isa = PBXFileReference; fileEncoding = 4; lastKnownFileType = text.plist.xml; name = 5.plist; path = data/5.plist; sourceTree = SOURCE_ROOT; };
		CB7E17BE149D5AE10098D568 /* 6.plist */ = {isa = PBXFileReference; fileEncoding = 4; lastKnownFileType = text.plist.xml; name = 6.plist; path = data/6.plist; sourceTree = SOURCE_ROOT; };
		CB7E17BF149D5AE10098D568 /* 7.plist */ = {isa = PBXFileReference; fileEncoding = 4; lastKnownFileType = text.plist.xml; name = 7.plist; path = data/7.plist; sourceTree = SOURCE_ROOT; };
		CB7E17C0149D5AE10098D568 /* 8.plist */ = {isa = PBXFileReference; fileEncoding = 4; lastKnownFileType = text.plist.xml; name = 8.plist; path = data/8.plist; sourceTree = SOURCE_ROOT; };
		CB7E17C1149D5AE10098D568 /* 9.plist */ = {isa = PBXFileReference; fileEncoding = 4; lastKnownFileType = text.plist.xml; name = 9.plist; path = data/9.plist; sourceTree = SOURCE_ROOT; };
		CB7E17C2149D5AE10098D568 /* 10.plist */ = {isa = PBXFileReference; fileEncoding = 4; lastKnownFileType = text.plist.xml; name = 10.plist; path = data/10.plist; sourceTree = SOURCE_ROOT; };
		CB7E17CC149E2AB50098D568 /* TextFieldDelegate.h */ = {isa = PBXFileReference; fileEncoding = 4; lastKnownFileType = sourcecode.c.h; path = TextFieldDelegate.h; sourceTree = "<group>"; };
		CB7E17CD149E2AB50098D568 /* TextFieldDelegate.m */ = {isa = PBXFileReference; fileEncoding = 4; lastKnownFileType = sourcecode.c.objc; path = TextFieldDelegate.m; sourceTree = "<group>"; };
		CB7E17CF149E2D740098D568 /* Command.h */ = {isa = PBXFileReference; fileEncoding = 4; lastKnownFileType = sourcecode.c.h; path = Command.h; sourceTree = "<group>"; };
		CB7E17D0149E2D9A0098D568 /* SelectorCommand.h */ = {isa = PBXFileReference; fileEncoding = 4; lastKnownFileType = sourcecode.c.h; path = SelectorCommand.h; sourceTree = "<group>"; };
		CB7E17D1149E2D9A0098D568 /* SelectorCommand.m */ = {isa = PBXFileReference; fileEncoding = 4; lastKnownFileType = sourcecode.c.objc; path = SelectorCommand.m; sourceTree = "<group>"; };
		CB82C105149D33D800A611DD /* FlopCoach.app */ = {isa = PBXFileReference; explicitFileType = wrapper.application; includeInIndex = 0; path = FlopCoach.app; sourceTree = BUILT_PRODUCTS_DIR; };
		CB82C109149D33D800A611DD /* Cocoa.framework */ = {isa = PBXFileReference; lastKnownFileType = wrapper.framework; name = Cocoa.framework; path = System/Library/Frameworks/Cocoa.framework; sourceTree = SDKROOT; };
		CB82C10C149D33D800A611DD /* AppKit.framework */ = {isa = PBXFileReference; lastKnownFileType = wrapper.framework; name = AppKit.framework; path = System/Library/Frameworks/AppKit.framework; sourceTree = SDKROOT; };
		CB82C10D149D33D800A611DD /* CoreData.framework */ = {isa = PBXFileReference; lastKnownFileType = wrapper.framework; name = CoreData.framework; path = System/Library/Frameworks/CoreData.framework; sourceTree = SDKROOT; };
		CB82C10E149D33D800A611DD /* Foundation.framework */ = {isa = PBXFileReference; lastKnownFileType = wrapper.framework; name = Foundation.framework; path = System/Library/Frameworks/Foundation.framework; sourceTree = SDKROOT; };
		CB82C111149D33D800A611DD /* FlopCoach-Info.plist */ = {isa = PBXFileReference; lastKnownFileType = text.plist.xml; path = "FlopCoach-Info.plist"; sourceTree = "<group>"; };
		CB82C113149D33D800A611DD /* en */ = {isa = PBXFileReference; lastKnownFileType = text.plist.strings; name = en; path = en.lproj/InfoPlist.strings; sourceTree = "<group>"; };
		CB82C115149D33D800A611DD /* main.m */ = {isa = PBXFileReference; lastKnownFileType = sourcecode.c.objc; path = main.m; sourceTree = "<group>"; };
		CB82C117149D33D800A611DD /* FlopCoach-Prefix.pch */ = {isa = PBXFileReference; lastKnownFileType = sourcecode.c.h; path = "FlopCoach-Prefix.pch"; sourceTree = "<group>"; };
		CB82C119149D33D800A611DD /* en */ = {isa = PBXFileReference; lastKnownFileType = text.rtf; name = en; path = en.lproj/Credits.rtf; sourceTree = "<group>"; };
		CB82C11B149D33D800A611DD /* AppDelegate.h */ = {isa = PBXFileReference; lastKnownFileType = sourcecode.c.h; path = AppDelegate.h; sourceTree = "<group>"; };
		CB82C11C149D33D800A611DD /* AppDelegate.m */ = {isa = PBXFileReference; lastKnownFileType = sourcecode.c.objc; path = AppDelegate.m; sourceTree = "<group>"; };
		CB82C11F149D33D800A611DD /* en */ = {isa = PBXFileReference; lastKnownFileType = file.xib; name = en; path = en.lproj/MainMenu.xib; sourceTree = "<group>"; };
		CB82C126149D365A00A611DD /* ViewController.h */ = {isa = PBXFileReference; fileEncoding = 4; lastKnownFileType = sourcecode.c.h; path = ViewController.h; sourceTree = "<group>"; };
		CB82C127149D365A00A611DD /* ViewController.m */ = {isa = PBXFileReference; fileEncoding = 4; lastKnownFileType = sourcecode.c.objc; path = ViewController.m; sourceTree = "<group>"; };
		CB82C128149D365A00A611DD /* ViewController.xib */ = {isa = PBXFileReference; fileEncoding = 4; lastKnownFileType = file.xib; path = ViewController.xib; sourceTree = "<group>"; };
		CBEEC21F14A06D6B009DF72D /* icon.icns */ = {isa = PBXFileReference; lastKnownFileType = image.icns; path = icon.icns; sourceTree = "<group>"; };
/* End PBXFileReference section */

/* Begin PBXFrameworksBuildPhase section */
		CB82C102149D33D800A611DD /* Frameworks */ = {
			isa = PBXFrameworksBuildPhase;
			buildActionMask = 2147483647;
			files = (
				CB82C10A149D33D800A611DD /* Cocoa.framework in Frameworks */,
			);
			runOnlyForDeploymentPostprocessing = 0;
		};
/* End PBXFrameworksBuildPhase section */

/* Begin PBXGroup section */
		CB7E1792149D59A70098D568 /* Odds */ = {
			isa = PBXGroup;
			children = (
				CB7E17BA149D5AE10098D568 /* 2.plist */,
				CB7E17BB149D5AE10098D568 /* 3.plist */,
				CB7E17BC149D5AE10098D568 /* 4.plist */,
				CB7E17BD149D5AE10098D568 /* 5.plist */,
				CB7E17BE149D5AE10098D568 /* 6.plist */,
				CB7E17BF149D5AE10098D568 /* 7.plist */,
				CB7E17C0149D5AE10098D568 /* 8.plist */,
				CB7E17C1149D5AE10098D568 /* 9.plist */,
				CB7E17C2149D5AE10098D568 /* 10.plist */,
			);
			name = Odds;
			sourceTree = "<group>";
		};
		CB82C0FA149D33D800A611DD = {
			isa = PBXGroup;
			children = (
				CBEEC21F14A06D6B009DF72D /* icon.icns */,
				CB82C10F149D33D800A611DD /* FlopCoach */,
				CB82C108149D33D800A611DD /* Frameworks */,
				CB82C106149D33D800A611DD /* Products */,
			);
			sourceTree = "<group>";
		};
		CB82C106149D33D800A611DD /* Products */ = {
			isa = PBXGroup;
			children = (
				CB82C105149D33D800A611DD /* FlopCoach.app */,
			);
			name = Products;
			sourceTree = "<group>";
		};
		CB82C108149D33D800A611DD /* Frameworks */ = {
			isa = PBXGroup;
			children = (
				CB82C109149D33D800A611DD /* Cocoa.framework */,
				CB82C10B149D33D800A611DD /* Other Frameworks */,
			);
			name = Frameworks;
			sourceTree = "<group>";
		};
		CB82C10B149D33D800A611DD /* Other Frameworks */ = {
			isa = PBXGroup;
			children = (
				CB82C10C149D33D800A611DD /* AppKit.framework */,
				CB82C10D149D33D800A611DD /* CoreData.framework */,
				CB82C10E149D33D800A611DD /* Foundation.framework */,
			);
			name = "Other Frameworks";
			sourceTree = "<group>";
		};
		CB82C10F149D33D800A611DD /* FlopCoach */ = {
			isa = PBXGroup;
			children = (
				CB7AC21A149E96F400540DA5 /* splash.png */,
				CB7E17D0149E2D9A0098D568 /* SelectorCommand.h */,
				CB7E17D1149E2D9A0098D568 /* SelectorCommand.m */,
				CB7E17CF149E2D740098D568 /* Command.h */,
				CB7E1792149D59A70098D568 /* Odds */,
				CB82C11B149D33D800A611DD /* AppDelegate.h */,
				CB82C11C149D33D800A611DD /* AppDelegate.m */,
				CB82C11E149D33D800A611DD /* MainMenu.xib */,
				CB82C110149D33D800A611DD /* Supporting Files */,
				CB82C126149D365A00A611DD /* ViewController.h */,
				CB82C127149D365A00A611DD /* ViewController.m */,
				CB82C128149D365A00A611DD /* ViewController.xib */,
				CB7E178E149D4A620098D568 /* OddsLookup.h */,
				CB7E178F149D4A620098D568 /* OddsLookup.m */,
				CB7E17CC149E2AB50098D568 /* TextFieldDelegate.h */,
				CB7E17CD149E2AB50098D568 /* TextFieldDelegate.m */,
			);
			path = FlopCoach;
			sourceTree = "<group>";
		};
		CB82C110149D33D800A611DD /* Supporting Files */ = {
			isa = PBXGroup;
			children = (
				CB82C111149D33D800A611DD /* FlopCoach-Info.plist */,
				CB82C112149D33D800A611DD /* InfoPlist.strings */,
				CB82C115149D33D800A611DD /* main.m */,
				CB82C117149D33D800A611DD /* FlopCoach-Prefix.pch */,
				CB82C118149D33D800A611DD /* Credits.rtf */,
			);
			name = "Supporting Files";
			sourceTree = "<group>";
		};
/* End PBXGroup section */

/* Begin PBXNativeTarget section */
		CB82C104149D33D800A611DD /* FlopCoach */ = {
			isa = PBXNativeTarget;
			buildConfigurationList = CB82C123149D33D800A611DD /* Build configuration list for PBXNativeTarget "FlopCoach" */;
			buildPhases = (
				CB82C101149D33D800A611DD /* Sources */,
				CB82C102149D33D800A611DD /* Frameworks */,
				CB82C103149D33D800A611DD /* Resources */,
			);
			buildRules = (
			);
			dependencies = (
			);
			name = FlopCoach;
			productName = FlopCoach;
			productReference = CB82C105149D33D800A611DD /* FlopCoach.app */;
			productType = "com.apple.product-type.application";
		};
/* End PBXNativeTarget section */

/* Begin PBXProject section */
		CB82C0FC149D33D800A611DD /* Project object */ = {
			isa = PBXProject;
			attributes = {
				LastUpgradeCheck = 0440;
				ORGANIZATIONNAME = "itelect AB";
			};
			buildConfigurationList = CB82C0FF149D33D800A611DD /* Build configuration list for PBXProject "FlopCoach" */;
			compatibilityVersion = "Xcode 3.2";
			developmentRegion = English;
			hasScannedForEncodings = 0;
			knownRegions = (
				en,
			);
			mainGroup = CB82C0FA149D33D800A611DD;
			productRefGroup = CB82C106149D33D800A611DD /* Products */;
			projectDirPath = "";
			projectRoot = "";
			targets = (
				CB82C104149D33D800A611DD /* FlopCoach */,
			);
		};
/* End PBXProject section */

/* Begin PBXResourcesBuildPhase section */
		CB82C103149D33D800A611DD /* Resources */ = {
			isa = PBXResourcesBuildPhase;
			buildActionMask = 2147483647;
			files = (
				CB82C114149D33D800A611DD /* InfoPlist.strings in Resources */,
				CB82C11A149D33D800A611DD /* Credits.rtf in Resources */,
				CB82C120149D33D800A611DD /* MainMenu.xib in Resources */,
				CB82C12A149D365A00A611DD /* ViewController.xib in Resources */,
				CB7E17C3149D5AE10098D568 /* 2.plist in Resources */,
				CB7E17C4149D5AE10098D568 /* 3.plist in Resources */,
				CB7E17C5149D5AE10098D568 /* 4.plist in Resources */,
				CB7E17C6149D5AE10098D568 /* 5.plist in Resources */,
				CB7E17C7149D5AE10098D568 /* 6.plist in Resources */,
				CB7E17C8149D5AE10098D568 /* 7.plist in Resources */,
				CB7E17C9149D5AE10098D568 /* 8.plist in Resources */,
				CB7E17CA149D5AE10098D568 /* 9.plist in Resources */,
				CB7E17CB149D5AE10098D568 /* 10.plist in Resources */,
				CB7AC21B149E96F400540DA5 /* splash.png in Resources */,
				CBEEC22014A06D6B009DF72D /* icon.icns in Resources */,
			);
			runOnlyForDeploymentPostprocessing = 0;
		};
/* End PBXResourcesBuildPhase section */

/* Begin PBXSourcesBuildPhase section */
		CB82C101149D33D800A611DD /* Sources */ = {
			isa = PBXSourcesBuildPhase;
			buildActionMask = 2147483647;
			files = (
				CB82C116149D33D800A611DD /* main.m in Sources */,
				CB82C11D149D33D800A611DD /* AppDelegate.m in Sources */,
				CB82C129149D365A00A611DD /* ViewController.m in Sources */,
				CB7E1790149D4A620098D568 /* OddsLookup.m in Sources */,
				CB7E17CE149E2AB50098D568 /* TextFieldDelegate.m in Sources */,
				CB7E17D2149E2D9A0098D568 /* SelectorCommand.m in Sources */,
			);
			runOnlyForDeploymentPostprocessing = 0;
		};
/* End PBXSourcesBuildPhase section */

/* Begin PBXVariantGroup section */
		CB82C112149D33D800A611DD /* InfoPlist.strings */ = {
			isa = PBXVariantGroup;
			children = (
				CB82C113149D33D800A611DD /* en */,
			);
			name = InfoPlist.strings;
			sourceTree = "<group>";
		};
		CB82C118149D33D800A611DD /* Credits.rtf */ = {
			isa = PBXVariantGroup;
			children = (
				CB82C119149D33D800A611DD /* en */,
			);
			name = Credits.rtf;
			sourceTree = "<group>";
		};
		CB82C11E149D33D800A611DD /* MainMenu.xib */ = {
			isa = PBXVariantGroup;
			children = (
				CB82C11F149D33D800A611DD /* en */,
			);
			name = MainMenu.xib;
			sourceTree = "<group>";
		};
/* End PBXVariantGroup section */

/* Begin XCBuildConfiguration section */
		CB82C121149D33D800A611DD /* Debug */ = {
			isa = XCBuildConfiguration;
			buildSettings = {
				ALWAYS_SEARCH_USER_PATHS = NO;
				ARCHS = "$(ARCHS_STANDARD_64_BIT)";
				COPY_PHASE_STRIP = NO;
				GCC_C_LANGUAGE_STANDARD = gnu99;
				GCC_DYNAMIC_NO_PIC = NO;
				GCC_ENABLE_OBJC_EXCEPTIONS = YES;
				GCC_OPTIMIZATION_LEVEL = 0;
				GCC_PREPROCESSOR_DEFINITIONS = (
					"DEBUG=1",
					"$(inherited)",
				);
				GCC_SYMBOLS_PRIVATE_EXTERN = NO;
				GCC_VERSION = com.apple.compilers.llvm.clang.1_0;
				GCC_WARN_64_TO_32_BIT_CONVERSION = YES;
				GCC_WARN_ABOUT_MISSING_PROTOTYPES = YES;
				GCC_WARN_ABOUT_RETURN_TYPE = YES;
				GCC_WARN_UNUSED_VARIABLE = YES;
				MACOSX_DEPLOYMENT_TARGET = 10.6;
				ONLY_ACTIVE_ARCH = YES;
				SDKROOT = macosx;
			};
			name = Debug;
		};
		CB82C122149D33D800A611DD /* Release */ = {
			isa = XCBuildConfiguration;
			buildSettings = {
				ALWAYS_SEARCH_USER_PATHS = NO;
				ARCHS = "$(ARCHS_STANDARD_64_BIT)";
				COPY_PHASE_STRIP = YES;
				DEBUG_INFORMATION_FORMAT = "dwarf-with-dsym";
				GCC_C_LANGUAGE_STANDARD = gnu99;
				GCC_ENABLE_OBJC_EXCEPTIONS = YES;
				GCC_VERSION = com.apple.compilers.llvm.clang.1_0;
				GCC_WARN_64_TO_32_BIT_CONVERSION = YES;
				GCC_WARN_ABOUT_MISSING_PROTOTYPES = YES;
				GCC_WARN_ABOUT_RETURN_TYPE = YES;
				GCC_WARN_UNUSED_VARIABLE = YES;
				MACOSX_DEPLOYMENT_TARGET = 10.6;
				SDKROOT = macosx;
			};
			name = Release;
		};
		CB82C124149D33D800A611DD /* Debug */ = {
			isa = XCBuildConfiguration;
			buildSettings = {
				ARCHS = "$(ARCHS_STANDARD_32_64_BIT)";
				COMBINE_HIDPI_IMAGES = YES;
				GCC_PRECOMPILE_PREFIX_HEADER = YES;
				GCC_PREFIX_HEADER = "FlopCoach/FlopCoach-Prefix.pch";
				INFOPLIST_FILE = "FlopCoach/FlopCoach-Info.plist";
				MACOSX_DEPLOYMENT_TARGET = 10.5;
				PRODUCT_NAME = "$(TARGET_NAME)";
				WRAPPER_EXTENSION = app;
			};
			name = Debug;
		};
		CB82C125149D33D800A611DD /* Release */ = {
			isa = XCBuildConfiguration;
			buildSettings = {
				ARCHS = "$(ARCHS_STANDARD_32_64_BIT)";
				COMBINE_HIDPI_IMAGES = YES;
				GCC_PRECOMPILE_PREFIX_HEADER = YES;
				GCC_PREFIX_HEADER = "FlopCoach/FlopCoach-Prefix.pch";
				INFOPLIST_FILE = "FlopCoach/FlopCoach-Info.plist";
				MACOSX_DEPLOYMENT_TARGET = 10.5;
				PRODUCT_NAME = "$(TARGET_NAME)";
				WRAPPER_EXTENSION = app;
			};
			name = Release;
		};
/* End XCBuildConfiguration section */

/* Begin XCConfigurationList section */
		CB82C0FF149D33D800A611DD /* Build configuration list for PBXProject "FlopCoach" */ = {
			isa = XCConfigurationList;
			buildConfigurations = (
				CB82C121149D33D800A611DD /* Debug */,
				CB82C122149D33D800A611DD /* Release */,
			);
			defaultConfigurationIsVisible = 0;
			defaultConfigurationName = Release;
		};
		CB82C123149D33D800A611DD /* Build configuration list for PBXNativeTarget "FlopCoach" */ = {
			isa = XCConfigurationList;
			buildConfigurations = (
				CB82C124149D33D800A611DD /* Debug */,
				CB82C125149D33D800A611DD /* Release */,
			);
			defaultConfigurationIsVisible = 0;
			defaultConfigurationName = Release;
		};
/* End XCConfigurationList section */
	};
	rootObject = CB82C0FC149D33D800A611DD /* Project object */;
}
